{
  "name": "auto-codex",
  "version": "0.2.0",
  "lockfileVersion": 3,
  "requires": true,
  "packages": {
    "": {
      "name": "auto-codex",
      "version": "0.2.0",
      "license": "MIT",
      "bin": {
        "auto-codex": "bin/auto-codex.js"
      },
      "engines": {
        "node": ">=20"
      }
    }
  }
}
